
Microsoft Visual Studio Solution File, Format Version 12.00
# Visual Studio 15
VisualStudioVersion = 15.0.27428.2043
MinimumVisualStudioVersion = 10.0.40219.1
Project("{FAE04EC0-301F-11D3-BF4B-00C04F79EFBC}") = "OOPConflict", "OOPConflict\OOPConflict.csproj", "{B01C9DC3-BCA9-4C27-8311-23DFD45AADE1}"
EndProject
Global
	GlobalSection(SolutionConfigurationPlatforms) = preSolution
		Debug|Any CPU = Debug|Any CPU
		Release|Any CPU = Release|Any CPU
	EndGlobalSection
	GlobalSection(ProjectConfigurationPlatforms) = postSolution
		{B01C9DC3-BCA9-4C27-8311-23DFD45AADE1}.Debug|Any CPU.ActiveCfg = Debug|Any CPU
		{B01C9DC3-BCA9-4C27-8311-23DFD45AADE1}.Debug|Any CPU.Build.0 = Debug|Any CPU
		{B01C9DC3-BCA9-4C27-8311-23DFD45AADE1}.Release|Any CPU.ActiveCfg = Release|Any CPU
		{B01C9DC3-BCA9-4C27-8311-23DFD45AADE1}.Release|Any CPU.Build.0 = Release|Any CPU
	EndGlobalSection
	GlobalSection(SolutionProperties) = preSolution
		HideSolutionNode = FALSE
	EndGlobalSection
	GlobalSection(ExtensibilityGlobals) = postSolution
		SolutionGuid = {DC04C36F-4222-44C5-92E1-41E6B777D345}
	EndGlobalSection
EndGlobal
