
Microsoft Visual Studio Solution File, Format Version 12.00
# Visual Studio 15
VisualStudioVersion = 15.0.27428.2027
MinimumVisualStudioVersion = 10.0.40219.1
Project("{FAE04EC0-301F-11D3-BF4B-00C04F79EFBC}") = "SortedSetDemo", "SortedSetDemo\SortedSetDemo.csproj", "{EACC6CF9-41C7-4205-BD17-DD45DA077121}"
EndProject
Global
	GlobalSection(SolutionConfigurationPlatforms) = preSolution
		Debug|Any CPU = Debug|Any CPU
		Release|Any CPU = Release|Any CPU
	EndGlobalSection
	GlobalSection(ProjectConfigurationPlatforms) = postSolution
		{EACC6CF9-41C7-4205-BD17-DD45DA077121}.Debug|Any CPU.ActiveCfg = Debug|Any CPU
		{EACC6CF9-41C7-4205-BD17-DD45DA077121}.Debug|Any CPU.Build.0 = Debug|Any CPU
		{EACC6CF9-41C7-4205-BD17-DD45DA077121}.Release|Any CPU.ActiveCfg = Release|Any CPU
		{EACC6CF9-41C7-4205-BD17-DD45DA077121}.Release|Any CPU.Build.0 = Release|Any CPU
	EndGlobalSection
	GlobalSection(SolutionProperties) = preSolution
		HideSolutionNode = FALSE
	EndGlobalSection
	GlobalSection(ExtensibilityGlobals) = postSolution
		SolutionGuid = {C8126514-AB79-4BCC-B1FA-BB528ACB0BDD}
	EndGlobalSection
EndGlobal
