
Microsoft Visual Studio Solution File, Format Version 12.00
# Visual Studio 15
VisualStudioVersion = 15.0.27428.2027
MinimumVisualStudioVersion = 10.0.40219.1
Project("{FAE04EC0-301F-11D3-BF4B-00C04F79EFBC}") = "PrimeMinistersDictionary", "PrimeMinistersDictionary\PrimeMinistersDictionary.csproj", "{EE1CE8D9-A03E-4A29-ABDA-ADDD162A5950}"
EndProject
Global
	GlobalSection(SolutionConfigurationPlatforms) = preSolution
		Debug|Any CPU = Debug|Any CPU
		Release|Any CPU = Release|Any CPU
	EndGlobalSection
	GlobalSection(ProjectConfigurationPlatforms) = postSolution
		{EE1CE8D9-A03E-4A29-ABDA-ADDD162A5950}.Debug|Any CPU.ActiveCfg = Debug|Any CPU
		{EE1CE8D9-A03E-4A29-ABDA-ADDD162A5950}.Debug|Any CPU.Build.0 = Debug|Any CPU
		{EE1CE8D9-A03E-4A29-ABDA-ADDD162A5950}.Release|Any CPU.ActiveCfg = Release|Any CPU
		{EE1CE8D9-A03E-4A29-ABDA-ADDD162A5950}.Release|Any CPU.Build.0 = Release|Any CPU
	EndGlobalSection
	GlobalSection(SolutionProperties) = preSolution
		HideSolutionNode = FALSE
	EndGlobalSection
	GlobalSection(ExtensibilityGlobals) = postSolution
		SolutionGuid = {C8BDBCE8-52D5-413B-85BA-8B07D6A4A022}
	EndGlobalSection
EndGlobal
