
Microsoft Visual Studio Solution File, Format Version 12.00
# Visual Studio 15
VisualStudioVersion = 15.0.27428.2043
MinimumVisualStudioVersion = 10.0.40219.1
Project("{FAE04EC0-301F-11D3-BF4B-00C04F79EFBC}") = "EqualStrings", "EqualStrings\EqualStrings.csproj", "{DA812D4B-89AC-4986-8A36-915E392656CF}"
EndProject
Global
	GlobalSection(SolutionConfigurationPlatforms) = preSolution
		Debug|Any CPU = Debug|Any CPU
		Release|Any CPU = Release|Any CPU
	EndGlobalSection
	GlobalSection(ProjectConfigurationPlatforms) = postSolution
		{DA812D4B-89AC-4986-8A36-915E392656CF}.Debug|Any CPU.ActiveCfg = Debug|Any CPU
		{DA812D4B-89AC-4986-8A36-915E392656CF}.Debug|Any CPU.Build.0 = Debug|Any CPU
		{DA812D4B-89AC-4986-8A36-915E392656CF}.Release|Any CPU.ActiveCfg = Release|Any CPU
		{DA812D4B-89AC-4986-8A36-915E392656CF}.Release|Any CPU.Build.0 = Release|Any CPU
	EndGlobalSection
	GlobalSection(SolutionProperties) = preSolution
		HideSolutionNode = FALSE
	EndGlobalSection
	GlobalSection(ExtensibilityGlobals) = postSolution
		SolutionGuid = {2ECABEFC-3462-44DF-A6A7-1773E2833BCF}
	EndGlobalSection
EndGlobal
