
Microsoft Visual Studio Solution File, Format Version 12.00
# Visual Studio 15
VisualStudioVersion = 15.0.27428.2027
MinimumVisualStudioVersion = 10.0.40219.1
Project("{FAE04EC0-301F-11D3-BF4B-00C04F79EFBC}") = "ListCapacity", "ListCapacity\ListCapacity.csproj", "{36889C38-A2E2-4A90-A7DB-53358520CF2B}"
EndProject
Global
	GlobalSection(SolutionConfigurationPlatforms) = preSolution
		Debug|Any CPU = Debug|Any CPU
		Release|Any CPU = Release|Any CPU
	EndGlobalSection
	GlobalSection(ProjectConfigurationPlatforms) = postSolution
		{36889C38-A2E2-4A90-A7DB-53358520CF2B}.Debug|Any CPU.ActiveCfg = Debug|Any CPU
		{36889C38-A2E2-4A90-A7DB-53358520CF2B}.Debug|Any CPU.Build.0 = Debug|Any CPU
		{36889C38-A2E2-4A90-A7DB-53358520CF2B}.Release|Any CPU.ActiveCfg = Release|Any CPU
		{36889C38-A2E2-4A90-A7DB-53358520CF2B}.Release|Any CPU.Build.0 = Release|Any CPU
	EndGlobalSection
	GlobalSection(SolutionProperties) = preSolution
		HideSolutionNode = FALSE
	EndGlobalSection
	GlobalSection(ExtensibilityGlobals) = postSolution
		SolutionGuid = {4F633433-8F29-471F-92F3-7EBCF8B760BD}
	EndGlobalSection
EndGlobal
