
Microsoft Visual Studio Solution File, Format Version 12.00
# Visual Studio 15
VisualStudioVersion = 15.0.27428.2027
MinimumVisualStudioVersion = 10.0.40219.1
Project("{FAE04EC0-301F-11D3-BF4B-00C04F79EFBC}") = "NonBlankStringLIst", "NonBlankStringLIst\NonBlankStringLIst.csproj", "{938C8003-BCDC-4FE9-84D7-93BE4173B511}"
EndProject
Global
	GlobalSection(SolutionConfigurationPlatforms) = preSolution
		Debug|Any CPU = Debug|Any CPU
		Release|Any CPU = Release|Any CPU
	EndGlobalSection
	GlobalSection(ProjectConfigurationPlatforms) = postSolution
		{938C8003-BCDC-4FE9-84D7-93BE4173B511}.Debug|Any CPU.ActiveCfg = Debug|Any CPU
		{938C8003-BCDC-4FE9-84D7-93BE4173B511}.Debug|Any CPU.Build.0 = Debug|Any CPU
		{938C8003-BCDC-4FE9-84D7-93BE4173B511}.Release|Any CPU.ActiveCfg = Release|Any CPU
		{938C8003-BCDC-4FE9-84D7-93BE4173B511}.Release|Any CPU.Build.0 = Release|Any CPU
	EndGlobalSection
	GlobalSection(SolutionProperties) = preSolution
		HideSolutionNode = FALSE
	EndGlobalSection
	GlobalSection(ExtensibilityGlobals) = postSolution
		SolutionGuid = {7EBCE1CC-452D-4F3E-8E21-61E4F920DD3C}
	EndGlobalSection
EndGlobal
